// !$*UTF8*$!
{
	archiveVersion = 1;
	classes = {
	};
	objectVersion = 46;
	objects = {

/* Begin PBXBuildFile section */
		C59FC461279A873200381877 /* AquantVideoModule.swift in Sources */ = {isa = PBXBuildFile; fileRef = C59FC460279A873200381877 /* AquantVideoModule.swift */; };
		C5BD0CD12799574A0068C05F /* ModelDataHandler.swift in Sources */ = {isa = PBXBuildFile; fileRef = C5BD0CC1279957480068C05F /* ModelDataHandler.swift */; };
		C5BD0CD22799574A0068C05F /* AquantVideoModule.m in Sources */ = {isa = PBXBuildFile; fileRef = C5BD0CC2279957480068C05F /* AquantVideoModule.m */; };
		C5BD0CD32799574A0068C05F /* ComponentExtension.swift in Sources */ = {isa = PBXBuildFile; fileRef = C5BD0CC3279957480068C05F /* ComponentExtension.swift */; };
		C5BD0CD42799574A0068C05F /* CustomVideoCapturer.swift in Sources */ = {isa = PBXBuildFile; fileRef = C5BD0CC4279957480068C05F /* CustomVideoCapturer.swift */; };
		C5BD0CD52799574A0068C05F /* Bundle.swift in Sources */ = {isa = PBXBuildFile; fileRef = C5BD0CC5279957490068C05F /* Bundle.swift */; };
		C5BD0CD62799574A0068C05F /* CallViewController.swift in Sources */ = {isa = PBXBuildFile; fileRef = C5BD0CCC2799574A0068C05F /* CallViewController.swift */; };
		C5BD0CD72799574A0068C05F /* VideoCapturer.swift in Sources */ = {isa = PBXBuildFile; fileRef = C5BD0CCD2799574A0068C05F /* VideoCapturer.swift */; };
		C5BD0CD82799574A0068C05F /* Backend.swift in Sources */ = {isa = PBXBuildFile; fileRef = C5BD0CCE2799574A0068C05F /* Backend.swift */; };
		C5BD0CD92799574A0068C05F /* LoadVideoController.m in Sources */ = {isa = PBXBuildFile; fileRef = C5BD0CCF2799574A0068C05F /* LoadVideoController.m */; };
		C5BD0CDA2799574A0068C05F /* LoadVideoController.swift in Sources */ = {isa = PBXBuildFile; fileRef = C5BD0CD02799574A0068C05F /* LoadVideoController.swift */; };
		F4FF95D7245B92E800C19C63 /* VideoPackage.swift in Sources */ = {isa = PBXBuildFile; fileRef = F4FF95D6245B92E800C19C63 /* VideoPackage.swift */; };
/* End PBXBuildFile section */

/* Begin PBXCopyFilesBuildPhase section */
		58B511D91A9E6C8500147676 /* CopyFiles */ = {
			isa = PBXCopyFilesBuildPhase;
			buildActionMask = 2147483647;
			dstPath = "include/$(PRODUCT_NAME)";
			dstSubfolderSpec = 16;
			files = (
			);
			runOnlyForDeploymentPostprocessing = 0;
		};
/* End PBXCopyFilesBuildPhase section */

/* Begin PBXFileReference section */
		134814201AA4EA6300B7C361 /* libVideoPackage.a */ = {isa = PBXFileReference; explicitFileType = archive.ar; includeInIndex = 0; path = libVideoPackage.a; sourceTree = BUILT_PRODUCTS_DIR; };
		B3E7B5891CC2AC0600A0062D /* VideoPackage.m */ = {isa = PBXFileReference; fileEncoding = 4; lastKnownFileType = sourcecode.c.objc; path = VideoPackage.m; sourceTree = "<group>"; };
		C59FC460279A873200381877 /* AquantVideoModule.swift */ = {isa = PBXFileReference; fileEncoding = 4; lastKnownFileType = sourcecode.swift; path = AquantVideoModule.swift; sourceTree = "<group>"; };
		C5BD0CC1279957480068C05F /* ModelDataHandler.swift */ = {isa = PBXFileReference; fileEncoding = 4; lastKnownFileType = sourcecode.swift; path = ModelDataHandler.swift; sourceTree = "<group>"; };
		C5BD0CC2279957480068C05F /* AquantVideoModule.m */ = {isa = PBXFileReference; fileEncoding = 4; lastKnownFileType = sourcecode.c.objc; path = AquantVideoModule.m; sourceTree = "<group>"; };
		C5BD0CC3279957480068C05F /* ComponentExtension.swift */ = {isa = PBXFileReference; fileEncoding = 4; lastKnownFileType = sourcecode.swift; path = ComponentExtension.swift; sourceTree = "<group>"; };
		C5BD0CC4279957480068C05F /* CustomVideoCapturer.swift */ = {isa = PBXFileReference; fileEncoding = 4; lastKnownFileType = sourcecode.swift; path = CustomVideoCapturer.swift; sourceTree = "<group>"; };
		C5BD0CC5279957490068C05F /* Bundle.swift */ = {isa = PBXFileReference; fileEncoding = 4; lastKnownFileType = sourcecode.swift; path = Bundle.swift; sourceTree = "<group>"; };
		C5BD0CC7279957490068C05F /* VideoCall.storyboard */ = {isa = PBXFileReference; fileEncoding = 4; lastKnownFileType = file.storyboard; path = VideoCall.storyboard; sourceTree = "<group>"; };
		C5BD0CC8279957490068C05F /* ColorAssets.xcassets */ = {isa = PBXFileReference; lastKnownFileType = folder.assetcatalog; path = ColorAssets.xcassets; sourceTree = "<group>"; };
		C5BD0CC9279957490068C05F /* Assets.xcassets */ = {isa = PBXFileReference; lastKnownFileType = folder.assetcatalog; path = Assets.xcassets; sourceTree = "<group>"; };
		C5BD0CCA2799574A0068C05F /* labelmap.txt */ = {isa = PBXFileReference; fileEncoding = 4; lastKnownFileType = text; path = labelmap.txt; sourceTree = "<group>"; };
		C5BD0CCB2799574A0068C05F /* detect.tflite */ = {isa = PBXFileReference; lastKnownFileType = file; path = detect.tflite; sourceTree = "<group>"; };
		C5BD0CCC2799574A0068C05F /* CallViewController.swift */ = {isa = PBXFileReference; fileEncoding = 4; lastKnownFileType = sourcecode.swift; path = CallViewController.swift; sourceTree = "<group>"; };
		C5BD0CCD2799574A0068C05F /* VideoCapturer.swift */ = {isa = PBXFileReference; fileEncoding = 4; lastKnownFileType = sourcecode.swift; path = VideoCapturer.swift; sourceTree = "<group>"; };
		C5BD0CCE2799574A0068C05F /* Backend.swift */ = {isa = PBXFileReference; fileEncoding = 4; lastKnownFileType = sourcecode.swift; path = Backend.swift; sourceTree = "<group>"; };
		C5BD0CCF2799574A0068C05F /* LoadVideoController.m */ = {isa = PBXFileReference; fileEncoding = 4; lastKnownFileType = sourcecode.c.objc; path = LoadVideoController.m; sourceTree = "<group>"; };
		C5BD0CD02799574A0068C05F /* LoadVideoController.swift */ = {isa = PBXFileReference; fileEncoding = 4; lastKnownFileType = sourcecode.swift; path = LoadVideoController.swift; sourceTree = "<group>"; };
		F4FF95D5245B92E700C19C63 /* VideoPackage-Bridging-Header.h */ = {isa = PBXFileReference; lastKnownFileType = sourcecode.c.h; path = "VideoPackage-Bridging-Header.h"; sourceTree = "<group>"; };
		F4FF95D6245B92E800C19C63 /* VideoPackage.swift */ = {isa = PBXFileReference; lastKnownFileType = sourcecode.swift; path = VideoPackage.swift; sourceTree = "<group>"; };
/* End PBXFileReference section */

/* Begin PBXFrameworksBuildPhase section */
		58B511D81A9E6C8500147676 /* Frameworks */ = {
			isa = PBXFrameworksBuildPhase;
			buildActionMask = 2147483647;
			files = (
			);
			runOnlyForDeploymentPostprocessing = 0;
		};
/* End PBXFrameworksBuildPhase section */

/* Begin PBXGroup section */
		134814211AA4EA7D00B7C361 /* Products */ = {
			isa = PBXGroup;
			children = (
				134814201AA4EA6300B7C361 /* libVideoPackage.a */,
			);
			name = Products;
			sourceTree = "<group>";
		};
		58B511D21A9E6C8500147676 = {
			isa = PBXGroup;
			children = (
				C59FC460279A873200381877 /* AquantVideoModule.swift */,
				C5BD0CC2279957480068C05F /* AquantVideoModule.m */,
				C5BD0CCE2799574A0068C05F /* Backend.swift */,
				C5BD0CC5279957490068C05F /* Bundle.swift */,
				C5BD0CCC2799574A0068C05F /* CallViewController.swift */,
				C5BD0CC3279957480068C05F /* ComponentExtension.swift */,
				C5BD0CC4279957480068C05F /* CustomVideoCapturer.swift */,
				C5BD0CCF2799574A0068C05F /* LoadVideoController.m */,
				C5BD0CD02799574A0068C05F /* LoadVideoController.swift */,
				C5BD0CC1279957480068C05F /* ModelDataHandler.swift */,
				C5BD0CC6279957490068C05F /* Resources */,
				C5BD0CCD2799574A0068C05F /* VideoCapturer.swift */,
				F4FF95D6245B92E800C19C63 /* VideoPackage.swift */,
				B3E7B5891CC2AC0600A0062D /* VideoPackage.m */,
				F4FF95D5245B92E700C19C63 /* VideoPackage-Bridging-Header.h */,
				134814211AA4EA7D00B7C361 /* Products */,
			);
			sourceTree = "<group>";
		};
		C5BD0CC6279957490068C05F /* Resources */ = {
			isa = PBXGroup;
			children = (
				C5BD0CC7279957490068C05F /* VideoCall.storyboard */,
				C5BD0CC8279957490068C05F /* ColorAssets.xcassets */,
				C5BD0CC9279957490068C05F /* Assets.xcassets */,
				C5BD0CCA2799574A0068C05F /* labelmap.txt */,
				C5BD0CCB2799574A0068C05F /* detect.tflite */,
			);
			path = Resources;
			sourceTree = "<group>";
		};
/* End PBXGroup section */

/* Begin PBXNativeTarget section */
		58B511DA1A9E6C8500147676 /* VideoPackage */ = {
			isa = PBXNativeTarget;
			buildConfigurationList = 58B511EF1A9E6C8500147676 /* Build configuration list for PBXNativeTarget "VideoPackage" */;
			buildPhases = (
				58B511D71A9E6C8500147676 /* Sources */,
				58B511D81A9E6C8500147676 /* Frameworks */,
				58B511D91A9E6C8500147676 /* CopyFiles */,
			);
			buildRules = (
			);
			dependencies = (
			);
			name = VideoPackage;
			productName = RCTDataManager;
			productReference = 134814201AA4EA6300B7C361 /* libVideoPackage.a */;
			productType = "com.apple.product-type.library.static";
		};
/* End PBXNativeTarget section */

/* Begin PBXProject section */
		58B511D31A9E6C8500147676 /* Project object */ = {
			isa = PBXProject;
			attributes = {
				LastUpgradeCheck = 0920;
				ORGANIZATIONNAME = Facebook;
				TargetAttributes = {
					58B511DA1A9E6C8500147676 = {
						CreatedOnToolsVersion = 6.1.1;
					};
				};
			};
			buildConfigurationList = 58B511D61A9E6C8500147676 /* Build configuration list for PBXProject "VideoPackage" */;
			compatibilityVersion = "Xcode 3.2";
			developmentRegion = English;
			hasScannedForEncodings = 0;
			knownRegions = (
				English,
				en,
			);
			mainGroup = 58B511D21A9E6C8500147676;
			productRefGroup = 58B511D21A9E6C8500147676;
			projectDirPath = "";
			projectRoot = "";
			targets = (
				58B511DA1A9E6C8500147676 /* VideoPackage */,
			);
		};
/* End PBXProject section */

/* Begin PBXSourcesBuildPhase section */
		58B511D71A9E6C8500147676 /* Sources */ = {
			isa = PBXSourcesBuildPhase;
			buildActionMask = 2147483647;
			files = (
				C5BD0CD22799574A0068C05F /* AquantVideoModule.m in Sources */,
				C5BD0CD52799574A0068C05F /* Bundle.swift in Sources */,
				C5BD0CD82799574A0068C05F /* Backend.swift in Sources */,
				C5BD0CD92799574A0068C05F /* LoadVideoController.m in Sources */,
				C5BD0CD12799574A0068C05F /* ModelDataHandler.swift in Sources */,
				C5BD0CD72799574A0068C05F /* VideoCapturer.swift in Sources */,
				C5BD0CD42799574A0068C05F /* CustomVideoCapturer.swift in Sources */,
				C5BD0CDA2799574A0068C05F /* LoadVideoController.swift in Sources */,
				F4FF95D7245B92E800C19C63 /* VideoPackage.swift in Sources */,
				C5BD0CD32799574A0068C05F /* ComponentExtension.swift in Sources */,
				C59FC461279A873200381877 /* AquantVideoModule.swift in Sources */,
				C5BD0CD62799574A0068C05F /* CallViewController.swift in Sources */,
			);
			runOnlyForDeploymentPostprocessing = 0;
		};
/* End PBXSourcesBuildPhase section */

/* Begin XCBuildConfiguration section */
		58B511ED1A9E6C8500147676 /* Debug */ = {
			isa = XCBuildConfiguration;
			buildSettings = {
				ALWAYS_SEARCH_USER_PATHS = NO;
				CLANG_CXX_LANGUAGE_STANDARD = "gnu++0x";
				CLANG_CXX_LIBRARY = "libc++";
				CLANG_ENABLE_MODULES = YES;
				CLANG_ENABLE_OBJC_ARC = YES;
				CLANG_WARN_BLOCK_CAPTURE_AUTORELEASING = YES;
				CLANG_WARN_BOOL_CONVERSION = YES;
				CLANG_WARN_COMMA = YES;
				CLANG_WARN_CONSTANT_CONVERSION = YES;
				CLANG_WARN_DIRECT_OBJC_ISA_USAGE = YES_ERROR;
				CLANG_WARN_EMPTY_BODY = YES;
				CLANG_WARN_ENUM_CONVERSION = YES;
				CLANG_WARN_INFINITE_RECURSION = YES;
				CLANG_WARN_INT_CONVERSION = YES;
				CLANG_WARN_NON_LITERAL_NULL_CONVERSION = YES;
				CLANG_WARN_OBJC_LITERAL_CONVERSION = YES;
				CLANG_WARN_OBJC_ROOT_CLASS = YES_ERROR;
				CLANG_WARN_RANGE_LOOP_ANALYSIS = YES;
				CLANG_WARN_STRICT_PROTOTYPES = YES;
				CLANG_WARN_SUSPICIOUS_MOVE = YES;
				CLANG_WARN_UNREACHABLE_CODE = YES;
				CLANG_WARN__DUPLICATE_METHOD_MATCH = YES;
				COPY_PHASE_STRIP = NO;
				ENABLE_STRICT_OBJC_MSGSEND = YES;
				ENABLE_TESTABILITY = YES;
				GCC_C_LANGUAGE_STANDARD = gnu99;
				GCC_DYNAMIC_NO_PIC = NO;
				GCC_NO_COMMON_BLOCKS = YES;
				GCC_OPTIMIZATION_LEVEL = 0;
				GCC_PREPROCESSOR_DEFINITIONS = (
					"DEBUG=1",
					"$(inherited)",
				);
				GCC_SYMBOLS_PRIVATE_EXTERN = NO;
				GCC_WARN_64_TO_32_BIT_CONVERSION = YES;
				GCC_WARN_ABOUT_RETURN_TYPE = YES_ERROR;
				GCC_WARN_UNDECLARED_SELECTOR = YES;
				GCC_WARN_UNINITIALIZED_AUTOS = YES_AGGRESSIVE;
				GCC_WARN_UNUSED_FUNCTION = YES;
				GCC_WARN_UNUSED_VARIABLE = YES;
				IPHONEOS_DEPLOYMENT_TARGET = 13.0;
				MTL_ENABLE_DEBUG_INFO = YES;
				ONLY_ACTIVE_ARCH = YES;
				SDKROOT = iphoneos;
			};
			name = Debug;
		};
		58B511EE1A9E6C8500147676 /* Release */ = {
			isa = XCBuildConfiguration;
			buildSettings = {
				ALWAYS_SEARCH_USER_PATHS = NO;
				CLANG_CXX_LANGUAGE_STANDARD = "gnu++0x";
				CLANG_CXX_LIBRARY = "libc++";
				CLANG_ENABLE_MODULES = YES;
				CLANG_ENABLE_OBJC_ARC = YES;
				CLANG_WARN_BLOCK_CAPTURE_AUTORELEASING = YES;
				CLANG_WARN_BOOL_CONVERSION = YES;
				CLANG_WARN_COMMA = YES;
				CLANG_WARN_CONSTANT_CONVERSION = YES;
				CLANG_WARN_DIRECT_OBJC_ISA_USAGE = YES_ERROR;
				CLANG_WARN_EMPTY_BODY = YES;
				CLANG_WARN_ENUM_CONVERSION = YES;
				CLANG_WARN_INFINITE_RECURSION = YES;
				CLANG_WARN_INT_CONVERSION = YES;
				CLANG_WARN_NON_LITERAL_NULL_CONVERSION = YES;
				CLANG_WARN_OBJC_LITERAL_CONVERSION = YES;
				CLANG_WARN_OBJC_ROOT_CLASS = YES_ERROR;
				CLANG_WARN_RANGE_LOOP_ANALYSIS = YES;
				CLANG_WARN_STRICT_PROTOTYPES = YES;
				CLANG_WARN_SUSPICIOUS_MOVE = YES;
				CLANG_WARN_UNREACHABLE_CODE = YES;
				CLANG_WARN__DUPLICATE_METHOD_MATCH = YES;
				COPY_PHASE_STRIP = YES;
				ENABLE_NS_ASSERTIONS = NO;
				ENABLE_STRICT_OBJC_MSGSEND = YES;
				GCC_C_LANGUAGE_STANDARD = gnu99;
				GCC_NO_COMMON_BLOCKS = YES;
				GCC_WARN_64_TO_32_BIT_CONVERSION = YES;
				GCC_WARN_ABOUT_RETURN_TYPE = YES_ERROR;
				GCC_WARN_UNDECLARED_SELECTOR = YES;
				GCC_WARN_UNINITIALIZED_AUTOS = YES_AGGRESSIVE;
				GCC_WARN_UNUSED_FUNCTION = YES;
				GCC_WARN_UNUSED_VARIABLE = YES;
				IPHONEOS_DEPLOYMENT_TARGET = 13.0;
				MTL_ENABLE_DEBUG_INFO = NO;
				SDKROOT = iphoneos;
				VALIDATE_PRODUCT = YES;
			};
			name = Release;
		};
		58B511F01A9E6C8500147676 /* Debug */ = {
			isa = XCBuildConfiguration;
			buildSettings = {
				HEADER_SEARCH_PATHS = (
					"$(inherited)",
					/Applications/Xcode.app/Contents/Developer/Toolchains/XcodeDefault.xctoolchain/usr/include,
					"$(SRCROOT)/../../../React/**",
					"$(SRCROOT)/../../react-native/React/**",
				);
				LIBRARY_SEARCH_PATHS = "$(inherited)";
				OTHER_LDFLAGS = "-ObjC";
				PRODUCT_NAME = VideoPackage;
				SKIP_INSTALL = YES;
				SWIFT_OBJC_BRIDGING_HEADER = "VideoPackage-Bridging-Header.h";
				SWIFT_OPTIMIZATION_LEVEL = "-Onone";
				SWIFT_VERSION = 5.0;
			};
			name = Debug;
		};
		58B511F11A9E6C8500147676 /* Release */ = {
			isa = XCBuildConfiguration;
			buildSettings = {
				HEADER_SEARCH_PATHS = (
					"$(inherited)",
					/Applications/Xcode.app/Contents/Developer/Toolchains/XcodeDefault.xctoolchain/usr/include,
					"$(SRCROOT)/../../../React/**",
					"$(SRCROOT)/../../react-native/React/**",
				);
				LIBRARY_SEARCH_PATHS = "$(inherited)";
				OTHER_LDFLAGS = "-ObjC";
				PRODUCT_NAME = VideoPackage;
				SKIP_INSTALL = YES;
				SWIFT_OBJC_BRIDGING_HEADER = "VideoPackage-Bridging-Header.h";
				SWIFT_VERSION = 5.0;
			};
			name = Release;
		};
/* End XCBuildConfiguration section */

/* Begin XCConfigurationList section */
		58B511D61A9E6C8500147676 /* Build configuration list for PBXProject "VideoPackage" */ = {
			isa = XCConfigurationList;
			buildConfigurations = (
				58B511ED1A9E6C8500147676 /* Debug */,
				58B511EE1A9E6C8500147676 /* Release */,
			);
			defaultConfigurationIsVisible = 0;
			defaultConfigurationName = Release;
		};
		58B511EF1A9E6C8500147676 /* Build configuration list for PBXNativeTarget "VideoPackage" */ = {
			isa = XCConfigurationList;
			buildConfigurations = (
				58B511F01A9E6C8500147676 /* Debug */,
				58B511F11A9E6C8500147676 /* Release */,
			);
			defaultConfigurationIsVisible = 0;
			defaultConfigurationName = Release;
		};
/* End XCConfigurationList section */
	};
	rootObject = 58B511D31A9E6C8500147676 /* Project object */;
}
